PODS:
  - AWSAPIGateway (2.4.7):
    - AWSCore (= 2.4.7)
  - AWSCore (2.4.7)

DEPENDENCIES:
  - AWSAPIGateway (= 2.4.7)

SPEC CHECKSUMS:
  AWSAPIGateway: 7b692f281194f10195688e459227fc63ecda550e
  AWSCore: 9a729a3c0050a51ece3547d546c327acdac7838a

PODFILE CHECKSUM: 2fcbe4cbda72b64fed4d5410061618e9b62de043

COCOAPODS: 1.0.0
